
Microsoft Visual Studio Solution File, Format Version 12.00
Project("{FAE04EC0-301F-11D3-BF4B-00C04F79EFBC}") = "353503_Sebelev_LabWork7", "353503_Sebelev_LabWork7\353503_Sebelev_LabWork7.csproj", "{0A2EB425-5F9A-4BE7-B4AF-92B2EDCF72A7}"
EndProject
Project("{FAE04EC0-301F-11D3-BF4B-00C04F79EFBC}") = "ClassLibrary", "ClassLibrary\ClassLibrary.csproj", "{A5F62D77-40E3-4DED-85B4-565E5599B3DC}"
EndProject
Global
	GlobalSection(SolutionConfigurationPlatforms) = preSolution
		Debug|Any CPU = Debug|Any CPU
		Release|Any CPU = Release|Any CPU
	EndGlobalSection
	GlobalSection(ProjectConfigurationPlatforms) = postSolution
		{0A2EB425-5F9A-4BE7-B4AF-92B2EDCF72A7}.Debug|Any CPU.ActiveCfg = Debug|Any CPU
		{0A2EB425-5F9A-4BE7-B4AF-92B2EDCF72A7}.Debug|Any CPU.Build.0 = Debug|Any CPU
		{0A2EB425-5F9A-4BE7-B4AF-92B2EDCF72A7}.Release|Any CPU.ActiveCfg = Release|Any CPU
		{0A2EB425-5F9A-4BE7-B4AF-92B2EDCF72A7}.Release|Any CPU.Build.0 = Release|Any CPU
		{A5F62D77-40E3-4DED-85B4-565E5599B3DC}.Debug|Any CPU.ActiveCfg = Debug|Any CPU
		{A5F62D77-40E3-4DED-85B4-565E5599B3DC}.Debug|Any CPU.Build.0 = Debug|Any CPU
		{A5F62D77-40E3-4DED-85B4-565E5599B3DC}.Release|Any CPU.ActiveCfg = Release|Any CPU
		{A5F62D77-40E3-4DED-85B4-565E5599B3DC}.Release|Any CPU.Build.0 = Release|Any CPU
	EndGlobalSection
EndGlobal
