
Microsoft Visual Studio Solution File, Format Version 12.00
Project("{FAE04EC0-301F-11D3-BF4B-00C04F79EFBC}") = "353503_Sebelev_LabWork8", "353503_Sebelev_LabWork8\353503_Sebelev_LabWork8.csproj", "{C2E787A7-32AC-498D-B1D5-23DAD7C74C1A}"
EndProject
Project("{FAE04EC0-301F-11D3-BF4B-00C04F79EFBC}") = "ClassLibrary", "ClassLibrary\ClassLibrary.csproj", "{0BA8D978-B944-4EF0-A32E-F93E98039448}"
EndProject
Global
	GlobalSection(SolutionConfigurationPlatforms) = preSolution
		Debug|Any CPU = Debug|Any CPU
		Release|Any CPU = Release|Any CPU
	EndGlobalSection
	GlobalSection(ProjectConfigurationPlatforms) = postSolution
		{C2E787A7-32AC-498D-B1D5-23DAD7C74C1A}.Debug|Any CPU.ActiveCfg = Debug|Any CPU
		{C2E787A7-32AC-498D-B1D5-23DAD7C74C1A}.Debug|Any CPU.Build.0 = Debug|Any CPU
		{C2E787A7-32AC-498D-B1D5-23DAD7C74C1A}.Release|Any CPU.ActiveCfg = Release|Any CPU
		{C2E787A7-32AC-498D-B1D5-23DAD7C74C1A}.Release|Any CPU.Build.0 = Release|Any CPU
		{0BA8D978-B944-4EF0-A32E-F93E98039448}.Debug|Any CPU.ActiveCfg = Debug|Any CPU
		{0BA8D978-B944-4EF0-A32E-F93E98039448}.Debug|Any CPU.Build.0 = Debug|Any CPU
		{0BA8D978-B944-4EF0-A32E-F93E98039448}.Release|Any CPU.ActiveCfg = Release|Any CPU
		{0BA8D978-B944-4EF0-A32E-F93E98039448}.Release|Any CPU.Build.0 = Release|Any CPU
	EndGlobalSection
EndGlobal
