
Microsoft Visual Studio Solution File, Format Version 12.00
Project("{FAE04EC0-301F-11D3-BF4B-00C04F79EFBC}") = "353503_Sebelev_Lab5", "353503_Sebelev_Lab5\353503_Sebelev_Lab5.csproj", "{82C99EB7-8F30-4654-9C92-DC97E6CD75D9}"
EndProject
Project("{FAE04EC0-301F-11D3-BF4B-00C04F79EFBC}") = "353503_Sebelev_Lab5.Domain", "353503_Sebelev_Lab5.Domain\353503_Sebelev_Lab5.Domain.csproj", "{D77AA584-4BB8-47D7-B2EF-7F66B56600BE}"
EndProject
Project("{FAE04EC0-301F-11D3-BF4B-00C04F79EFBC}") = "SerializerLib", "SerializerLib\SerializerLib.csproj", "{BE0FD9E9-2B3B-4233-BB05-6C85077C642A}"
EndProject
Global
	GlobalSection(SolutionConfigurationPlatforms) = preSolution
		Debug|Any CPU = Debug|Any CPU
		Release|Any CPU = Release|Any CPU
	EndGlobalSection
	GlobalSection(ProjectConfigurationPlatforms) = postSolution
		{82C99EB7-8F30-4654-9C92-DC97E6CD75D9}.Debug|Any CPU.ActiveCfg = Debug|Any CPU
		{82C99EB7-8F30-4654-9C92-DC97E6CD75D9}.Debug|Any CPU.Build.0 = Debug|Any CPU
		{82C99EB7-8F30-4654-9C92-DC97E6CD75D9}.Release|Any CPU.ActiveCfg = Release|Any CPU
		{82C99EB7-8F30-4654-9C92-DC97E6CD75D9}.Release|Any CPU.Build.0 = Release|Any CPU
		{D77AA584-4BB8-47D7-B2EF-7F66B56600BE}.Debug|Any CPU.ActiveCfg = Debug|Any CPU
		{D77AA584-4BB8-47D7-B2EF-7F66B56600BE}.Debug|Any CPU.Build.0 = Debug|Any CPU
		{D77AA584-4BB8-47D7-B2EF-7F66B56600BE}.Release|Any CPU.ActiveCfg = Release|Any CPU
		{D77AA584-4BB8-47D7-B2EF-7F66B56600BE}.Release|Any CPU.Build.0 = Release|Any CPU
		{BE0FD9E9-2B3B-4233-BB05-6C85077C642A}.Debug|Any CPU.ActiveCfg = Debug|Any CPU
		{BE0FD9E9-2B3B-4233-BB05-6C85077C642A}.Debug|Any CPU.Build.0 = Debug|Any CPU
		{BE0FD9E9-2B3B-4233-BB05-6C85077C642A}.Release|Any CPU.ActiveCfg = Release|Any CPU
		{BE0FD9E9-2B3B-4233-BB05-6C85077C642A}.Release|Any CPU.Build.0 = Release|Any CPU
	EndGlobalSection
EndGlobal
